
Microsoft Visual Studio Solution File, Format Version 12.00
# Visual Studio Version 16
VisualStudioVersion = 16.0.30011.22
MinimumVisualStudioVersion = 10.0.40219.1
Project("{2150E333-8FDC-42A3-9474-1A3956D46DE8}") = "src", "src", "{F7F4CA9F-6272-47DC-8262-D40E57AABD54}"
EndProject
Project("{2150E333-8FDC-42A3-9474-1A3956D46DE8}") = "test", "test", "{F127106B-39E0-4949-B0F0-542FA6380022}"
EndProject
Project("{9A19103F-16F7-4668-BE54-9A1E7A4F7556}") = "StoreOrder.WebApplication", "src\StoreOrder.WebApplication\StoreOrder.WebApplication.csproj", "{F83C235D-D36D-4F3D-B790-8B43567F0926}"
EndProject
Project("{2150E333-8FDC-42A3-9474-1A3956D46DE8}") = "Solution Items", "Solution Items", "{264F8FCF-7DEB-4E81-A42A-A33BE98EC95A}"
	ProjectSection(SolutionItems) = preProject
		..\..\.dockerignore = ..\..\.dockerignore
		..\..\.env = ..\..\.env
		..\..\.npmrc = ..\..\.npmrc
		..\..\appveyor.yml = ..\..\appveyor.yml
		..\..\Dockerfile = ..\..\Dockerfile
		..\..\heroku.yml = ..\..\heroku.yml
		..\..\Readme.md = ..\..\Readme.md
		..\..\run.sh = ..\..\run.sh
	EndProjectSection
EndProject
Global
	GlobalSection(SolutionConfigurationPlatforms) = preSolution
		Debug|Any CPU = Debug|Any CPU
		Release|Any CPU = Release|Any CPU
	EndGlobalSection
	GlobalSection(ProjectConfigurationPlatforms) = postSolution
		{F83C235D-D36D-4F3D-B790-8B43567F0926}.Debug|Any CPU.ActiveCfg = Debug|Any CPU
		{F83C235D-D36D-4F3D-B790-8B43567F0926}.Debug|Any CPU.Build.0 = Debug|Any CPU
		{F83C235D-D36D-4F3D-B790-8B43567F0926}.Release|Any CPU.ActiveCfg = Release|Any CPU
		{F83C235D-D36D-4F3D-B790-8B43567F0926}.Release|Any CPU.Build.0 = Release|Any CPU
	EndGlobalSection
	GlobalSection(SolutionProperties) = preSolution
		HideSolutionNode = FALSE
	EndGlobalSection
	GlobalSection(NestedProjects) = preSolution
		{F83C235D-D36D-4F3D-B790-8B43567F0926} = {F7F4CA9F-6272-47DC-8262-D40E57AABD54}
	EndGlobalSection
	GlobalSection(ExtensibilityGlobals) = postSolution
		SolutionGuid = {66A838EA-9096-4BB0-B0CE-7BB3E90B8C1C}
	EndGlobalSection
EndGlobal
